{
  "name": "degendogs-miniapp",
  "lockfileVersion": 3,
  "requires": true,
  "packages": {
    "": {
      "name": "degendogs-miniapp",
      "dependencies": {
        "@farcaster/quick-auth": "^0.0.8"
      },
      "devDependencies": {
        "@types/node": "^25.0.6",
        "typescript": "^5.9.3"
      }
    },
    "node_modules/@farcaster/quick-auth": {
      "version": "0.0.8",
      "resolved": "https://registry.npmjs.org/@farcaster/quick-auth/-/quick-auth-0.0.8.tgz",
      "integrity": "sha512-NRIq1BcbcQCC6xBF5owfckkY00xKQVpqhpLNl5rICVpl0xeDsiVbkenIrHaUuyjtCK2W28YVc2ZCFRyz9ERHKg==",
      "license": "MIT",
      "dependencies": {
        "jose": "^5.8.0",
        "zod": "^3.25.1"
      },
      "peerDependencies": {
        "typescript": "5.8.3"
      }
    },
    "node_modules/@types/node": {
      "version": "25.0.6",
      "resolved": "https://registry.npmjs.org/@types/node/-/node-25.0.6.tgz",
      "integrity": "sha512-NNu0sjyNxpoiW3YuVFfNz7mxSQ+S4X2G28uqg2s+CzoqoQjLPsWSbsFFyztIAqt2vb8kfEAsJNepMGPTxFDx3Q==",
      "dev": true,
      "license": "MIT",
      "dependencies": {
        "undici-types": "~7.16.0"
      }
    },
    "node_modules/jose": {
      "version": "5.10.0",
      "resolved": "https://registry.npmjs.org/jose/-/jose-5.10.0.tgz",
      "integrity": "sha512-s+3Al/p9g32Iq+oqXxkW//7jk2Vig6FF1CFqzVXoTUXt2qz89YWbL+OwS17NFYEvxC35n0FKeGO2LGYSxeM2Gg==",
      "license": "MIT",
      "funding": {
        "url": "https://github.com/sponsors/panva"
      }
    },
    "node_modules/typescript": {
      "version": "5.9.3",
      "resolved": "https://registry.npmjs.org/typescript/-/typescript-5.9.3.tgz",
      "integrity": "sha512-jl1vZzPDinLr9eUt3J/t7V6FgNEw9QjvBPdysz9KfQDD41fQrC2Y4vKQdiaUpFT4bXlb1RHhLpp8wtm6M5TgSw==",
      "dev": true,
      "license": "Apache-2.0",
      "bin": {
        "tsc": "bin/tsc",
        "tsserver": "bin/tsserver"
      },
      "engines": {
        "node": ">=14.17"
      }
    },
    "node_modules/undici-types": {
      "version": "7.16.0",
      "resolved": "https://registry.npmjs.org/undici-types/-/undici-types-7.16.0.tgz",
      "integrity": "sha512-Zz+aZWSj8LE6zoxD+xrjh4VfkIG8Ya6LvYkZqtUQGJPZjYl53ypCaUwWqo7eI0x66KBGeRo+mlBEkMSeSZ38Nw==",
      "dev": true,
      "license": "MIT"
    },
    "node_modules/zod": {
      "version": "3.25.76",
      "resolved": "https://registry.npmjs.org/zod/-/zod-3.25.76.tgz",
      "integrity": "sha512-gzUt/qt81nXsFGKIFcC3YnfEAx5NkunCfnDlvuBSSFS02bcXu4Lmea0AFIUwbLWxWPx3d9p8S5QoaujKcNQxcQ==",
      "license": "MIT",
      "funding": {
        "url": "https://github.com/sponsors/colinhacks"
      }
    }
  }
}
